{
	"requires": true,
	"lockfileVersion": 1,
	"dependencies": {
		"decrypt": {
			"version": "0.0.1",
			"resolved": "https://registry.npmmirror.com/decrypt/download/decrypt-0.0.1.tgz",
			"integrity": "sha1-HQRcTwFsLmrvjVIrewZe9K/Imd0="
		},
		"save-svg-as-png": {
			"version": "1.4.17",
			"resolved": "https://registry.nlark.com/save-svg-as-png/download/save-svg-as-png-1.4.17.tgz",
			"integrity": "sha1-KURCACdyok8dsb+KKq999KsM3FU="
		}
	}
}
